
Microsoft Visual Studio Solution File, Format Version 12.00
# Visual Studio Version 16
VisualStudioVersion = 16.0.30114.105
MinimumVisualStudioVersion = 10.0.40219.1
Project("{2150E333-8FDC-42A3-9474-1A3956D46DE8}") = "01. Auth", "01. Auth", "{94F1B772-2E19-4533-AA0D-C3D4538F7ACF}"
EndProject
Project("{FAE04EC0-301F-11D3-BF4B-00C04F79EFBC}") = "Api.Auth", "01. Auth\Api.Auth\Api.Auth.csproj", "{09947F01-13E2-4C88-A82D-8F293663B835}"
EndProject
Project("{FAE04EC0-301F-11D3-BF4B-00C04F79EFBC}") = "Service.Auth", "01. Auth\Service.Auth\Service.Auth.csproj", "{D624F834-B4DA-44AB-B5E7-0A27CECC8B51}"
EndProject
Project("{FAE04EC0-301F-11D3-BF4B-00C04F79EFBC}") = "Sdk.Auth", "01. Auth\Sdk.Auth\Sdk.Auth.csproj", "{E1DC81A3-03C9-4A92-AA20-C9F75A62B6F3}"
EndProject
Project("{FAE04EC0-301F-11D3-BF4B-00C04F79EFBC}") = "Test.Service.Auth", "01. Auth\Test.Service.Auth\Test.Service.Auth.csproj", "{298757E8-AFE9-4C82-8532-E5971BB49747}"
EndProject
Project("{2150E333-8FDC-42A3-9474-1A3956D46DE8}") = "02. User", "02. User", "{659D6D5B-A5D8-4691-A1EF-198CEC3F19DB}"
EndProject
Project("{FAE04EC0-301F-11D3-BF4B-00C04F79EFBC}") = "Api.User", "02. User\Api.User\Api.User.csproj", "{877745DE-5B43-4F90-BF76-2236A5EED6D4}"
EndProject
Project("{FAE04EC0-301F-11D3-BF4B-00C04F79EFBC}") = "Service.User", "02. User\Service.User\Service.User.csproj", "{42D596C2-6E85-4A1F-B9C9-B5BF413BC8C3}"
EndProject
Project("{FAE04EC0-301F-11D3-BF4B-00C04F79EFBC}") = "Sdk.User", "02. User\Sdk.User\Sdk.User.csproj", "{A69756BB-9551-410B-8AAB-FEACF9F51934}"
EndProject
Project("{FAE04EC0-301F-11D3-BF4B-00C04F79EFBC}") = "Test.Service.User", "02. User\Test.Service.User\Test.Service.User.csproj", "{FD2D8602-489D-4CC6-85D7-D65BDE53FD34}"
EndProject
Project("{2150E333-8FDC-42A3-9474-1A3956D46DE8}") = "03. Content", "03. Content", "{2A3E3C2E-65F3-45CE-AA0A-88EBFD114695}"
EndProject
Project("{FAE04EC0-301F-11D3-BF4B-00C04F79EFBC}") = "Api.Content", "03. Content\Api.Content\Api.Content.csproj", "{CD040CC4-E05E-4024-A780-EB2E042D6EF6}"
EndProject
Project("{FAE04EC0-301F-11D3-BF4B-00C04F79EFBC}") = "Service.Content", "03. Content\Service.Content\Service.Content.csproj", "{A19896B9-F73F-4045-891A-7012D94C7B30}"
EndProject
Project("{FAE04EC0-301F-11D3-BF4B-00C04F79EFBC}") = "Sdk.Content", "03. Content\Sdk.Content\Sdk.Content.csproj", "{7F82F32E-90A3-4AA7-B460-023F62BC4E73}"
EndProject
Project("{FAE04EC0-301F-11D3-BF4B-00C04F79EFBC}") = "Test.Service.Content", "03. Content\Test.Service.Content\Test.Service.Content.csproj", "{E6DBB4D1-1C43-4F8A-9DF9-665CF52CAE05}"
EndProject
Project("{2150E333-8FDC-42A3-9474-1A3956D46DE8}") = "04. Integration", "04. Integration", "{0009CCBC-252D-4DEF-A064-4AB3A3BB0AA7}"
EndProject
Project("{FAE04EC0-301F-11D3-BF4B-00C04F79EFBC}") = "Api.Integration", "04. Integration\Api.Integration\Api.Integration.csproj", "{047D2690-301B-4E40-AD1F-9E5BC38DCD08}"
EndProject
Project("{FAE04EC0-301F-11D3-BF4B-00C04F79EFBC}") = "Service.Integration", "04. Integration\Service.Integration\Service.Integration.csproj", "{13D17EC9-FC3F-487A-AEB4-DCC766CE1C06}"
EndProject
Project("{FAE04EC0-301F-11D3-BF4B-00C04F79EFBC}") = "Sdk.Integration", "04. Integration\Sdk.Integration\Sdk.Integration.csproj", "{BEEF81F2-9B3A-4B43-9A63-7CF598C8AAD4}"
EndProject
Project("{FAE04EC0-301F-11D3-BF4B-00C04F79EFBC}") = "Test.Service.Integration", "04. Integration\Test.Service.Integration\Test.Service.Integration.csproj", "{115113D2-B217-40A9-B9EC-9F351DDDFD0C}"
EndProject
Project("{FAE04EC0-301F-11D3-BF4B-00C04F79EFBC}") = "ContentManagement-Frontend", "ContentManagement-Frontend\ContentManagement-Frontend.csproj", "{02E7CC9C-01DD-43A5-8C45-09938ABE4803}"
EndProject
Project("{FAE04EC0-301F-11D3-BF4B-00C04F79EFBC}") = "Library.Common", "Library.Common\Library.Common.csproj", "{395565DD-6879-4D78-BCB0-27F6F0CECEEC}"
EndProject
Project("{FAE04EC0-301F-11D3-BF4B-00C04F79EFBC}") = "Scrapy.uc3m", "Scrapy.uc3m\Scrapy.uc3m.csproj", "{5CCD3FD4-F9A4-486C-A33A-5E3716C4F2A3}"
EndProject
Project("{FAE04EC0-301F-11D3-BF4B-00C04F79EFBC}") = "Scrapy.urjc", "Scrapy.urjc\Scrapy.urjc.csproj", "{8DA9045C-9CCE-4112-B17D-4662888866FA}"
EndProject
Global
	GlobalSection(SolutionConfigurationPlatforms) = preSolution
		Debug|Any CPU = Debug|Any CPU
		Debug|x64 = Debug|x64
		Debug|x86 = Debug|x86
		Release|Any CPU = Release|Any CPU
		Release|x64 = Release|x64
		Release|x86 = Release|x86
	EndGlobalSection
	GlobalSection(SolutionProperties) = preSolution
		HideSolutionNode = FALSE
	EndGlobalSection
	GlobalSection(ProjectConfigurationPlatforms) = postSolution
		{09947F01-13E2-4C88-A82D-8F293663B835}.Debug|Any CPU.ActiveCfg = Debug|Any CPU
		{09947F01-13E2-4C88-A82D-8F293663B835}.Debug|Any CPU.Build.0 = Debug|Any CPU
		{09947F01-13E2-4C88-A82D-8F293663B835}.Debug|x64.ActiveCfg = Debug|Any CPU
		{09947F01-13E2-4C88-A82D-8F293663B835}.Debug|x64.Build.0 = Debug|Any CPU
		{09947F01-13E2-4C88-A82D-8F293663B835}.Debug|x86.ActiveCfg = Debug|Any CPU
		{09947F01-13E2-4C88-A82D-8F293663B835}.Debug|x86.Build.0 = Debug|Any CPU
		{09947F01-13E2-4C88-A82D-8F293663B835}.Release|Any CPU.ActiveCfg = Release|Any CPU
		{09947F01-13E2-4C88-A82D-8F293663B835}.Release|Any CPU.Build.0 = Release|Any CPU
		{09947F01-13E2-4C88-A82D-8F293663B835}.Release|x64.ActiveCfg = Release|Any CPU
		{09947F01-13E2-4C88-A82D-8F293663B835}.Release|x64.Build.0 = Release|Any CPU
		{09947F01-13E2-4C88-A82D-8F293663B835}.Release|x86.ActiveCfg = Release|Any CPU
		{09947F01-13E2-4C88-A82D-8F293663B835}.Release|x86.Build.0 = Release|Any CPU
		{D624F834-B4DA-44AB-B5E7-0A27CECC8B51}.Debug|Any CPU.ActiveCfg = Debug|Any CPU
		{D624F834-B4DA-44AB-B5E7-0A27CECC8B51}.Debug|Any CPU.Build.0 = Debug|Any CPU
		{D624F834-B4DA-44AB-B5E7-0A27CECC8B51}.Debug|x64.ActiveCfg = Debug|Any CPU
		{D624F834-B4DA-44AB-B5E7-0A27CECC8B51}.Debug|x64.Build.0 = Debug|Any CPU
		{D624F834-B4DA-44AB-B5E7-0A27CECC8B51}.Debug|x86.ActiveCfg = Debug|Any CPU
		{D624F834-B4DA-44AB-B5E7-0A27CECC8B51}.Debug|x86.Build.0 = Debug|Any CPU
		{D624F834-B4DA-44AB-B5E7-0A27CECC8B51}.Release|Any CPU.ActiveCfg = Release|Any CPU
		{D624F834-B4DA-44AB-B5E7-0A27CECC8B51}.Release|Any CPU.Build.0 = Release|Any CPU
		{D624F834-B4DA-44AB-B5E7-0A27CECC8B51}.Release|x64.ActiveCfg = Release|Any CPU
		{D624F834-B4DA-44AB-B5E7-0A27CECC8B51}.Release|x64.Build.0 = Release|Any CPU
		{D624F834-B4DA-44AB-B5E7-0A27CECC8B51}.Release|x86.ActiveCfg = Release|Any CPU
		{D624F834-B4DA-44AB-B5E7-0A27CECC8B51}.Release|x86.Build.0 = Release|Any CPU
		{E1DC81A3-03C9-4A92-AA20-C9F75A62B6F3}.Debug|Any CPU.ActiveCfg = Debug|Any CPU
		{E1DC81A3-03C9-4A92-AA20-C9F75A62B6F3}.Debug|Any CPU.Build.0 = Debug|Any CPU
		{E1DC81A3-03C9-4A92-AA20-C9F75A62B6F3}.Debug|x64.ActiveCfg = Debug|Any CPU
		{E1DC81A3-03C9-4A92-AA20-C9F75A62B6F3}.Debug|x64.Build.0 = Debug|Any CPU
		{E1DC81A3-03C9-4A92-AA20-C9F75A62B6F3}.Debug|x86.ActiveCfg = Debug|Any CPU
		{E1DC81A3-03C9-4A92-AA20-C9F75A62B6F3}.Debug|x86.Build.0 = Debug|Any CPU
		{E1DC81A3-03C9-4A92-AA20-C9F75A62B6F3}.Release|Any CPU.ActiveCfg = Release|Any CPU
		{E1DC81A3-03C9-4A92-AA20-C9F75A62B6F3}.Release|Any CPU.Build.0 = Release|Any CPU
		{E1DC81A3-03C9-4A92-AA20-C9F75A62B6F3}.Release|x64.ActiveCfg = Release|Any CPU
		{E1DC81A3-03C9-4A92-AA20-C9F75A62B6F3}.Release|x64.Build.0 = Release|Any CPU
		{E1DC81A3-03C9-4A92-AA20-C9F75A62B6F3}.Release|x86.ActiveCfg = Release|Any CPU
		{E1DC81A3-03C9-4A92-AA20-C9F75A62B6F3}.Release|x86.Build.0 = Release|Any CPU
		{298757E8-AFE9-4C82-8532-E5971BB49747}.Debug|Any CPU.ActiveCfg = Debug|Any CPU
		{298757E8-AFE9-4C82-8532-E5971BB49747}.Debug|Any CPU.Build.0 = Debug|Any CPU
		{298757E8-AFE9-4C82-8532-E5971BB49747}.Debug|x64.ActiveCfg = Debug|Any CPU
		{298757E8-AFE9-4C82-8532-E5971BB49747}.Debug|x64.Build.0 = Debug|Any CPU
		{298757E8-AFE9-4C82-8532-E5971BB49747}.Debug|x86.ActiveCfg = Debug|Any CPU
		{298757E8-AFE9-4C82-8532-E5971BB49747}.Debug|x86.Build.0 = Debug|Any CPU
		{298757E8-AFE9-4C82-8532-E5971BB49747}.Release|Any CPU.ActiveCfg = Release|Any CPU
		{298757E8-AFE9-4C82-8532-E5971BB49747}.Release|Any CPU.Build.0 = Release|Any CPU
		{298757E8-AFE9-4C82-8532-E5971BB49747}.Release|x64.ActiveCfg = Release|Any CPU
		{298757E8-AFE9-4C82-8532-E5971BB49747}.Release|x64.Build.0 = Release|Any CPU
		{298757E8-AFE9-4C82-8532-E5971BB49747}.Release|x86.ActiveCfg = Release|Any CPU
		{298757E8-AFE9-4C82-8532-E5971BB49747}.Release|x86.Build.0 = Release|Any CPU
		{877745DE-5B43-4F90-BF76-2236A5EED6D4}.Debug|Any CPU.ActiveCfg = Debug|Any CPU
		{877745DE-5B43-4F90-BF76-2236A5EED6D4}.Debug|Any CPU.Build.0 = Debug|Any CPU
		{877745DE-5B43-4F90-BF76-2236A5EED6D4}.Debug|x64.ActiveCfg = Debug|Any CPU
		{877745DE-5B43-4F90-BF76-2236A5EED6D4}.Debug|x64.Build.0 = Debug|Any CPU
		{877745DE-5B43-4F90-BF76-2236A5EED6D4}.Debug|x86.ActiveCfg = Debug|Any CPU
		{877745DE-5B43-4F90-BF76-2236A5EED6D4}.Debug|x86.Build.0 = Debug|Any CPU
		{877745DE-5B43-4F90-BF76-2236A5EED6D4}.Release|Any CPU.ActiveCfg = Release|Any CPU
		{877745DE-5B43-4F90-BF76-2236A5EED6D4}.Release|Any CPU.Build.0 = Release|Any CPU
		{877745DE-5B43-4F90-BF76-2236A5EED6D4}.Release|x64.ActiveCfg = Release|Any CPU
		{877745DE-5B43-4F90-BF76-2236A5EED6D4}.Release|x64.Build.0 = Release|Any CPU
		{877745DE-5B43-4F90-BF76-2236A5EED6D4}.Release|x86.ActiveCfg = Release|Any CPU
		{877745DE-5B43-4F90-BF76-2236A5EED6D4}.Release|x86.Build.0 = Release|Any CPU
		{42D596C2-6E85-4A1F-B9C9-B5BF413BC8C3}.Debug|Any CPU.ActiveCfg = Debug|Any CPU
		{42D596C2-6E85-4A1F-B9C9-B5BF413BC8C3}.Debug|Any CPU.Build.0 = Debug|Any CPU
		{42D596C2-6E85-4A1F-B9C9-B5BF413BC8C3}.Debug|x64.ActiveCfg = Debug|Any CPU
		{42D596C2-6E85-4A1F-B9C9-B5BF413BC8C3}.Debug|x64.Build.0 = Debug|Any CPU
		{42D596C2-6E85-4A1F-B9C9-B5BF413BC8C3}.Debug|x86.ActiveCfg = Debug|Any CPU
		{42D596C2-6E85-4A1F-B9C9-B5BF413BC8C3}.Debug|x86.Build.0 = Debug|Any CPU
		{42D596C2-6E85-4A1F-B9C9-B5BF413BC8C3}.Release|Any CPU.ActiveCfg = Release|Any CPU
		{42D596C2-6E85-4A1F-B9C9-B5BF413BC8C3}.Release|Any CPU.Build.0 = Release|Any CPU
		{42D596C2-6E85-4A1F-B9C9-B5BF413BC8C3}.Release|x64.ActiveCfg = Release|Any CPU
		{42D596C2-6E85-4A1F-B9C9-B5BF413BC8C3}.Release|x64.Build.0 = Release|Any CPU
		{42D596C2-6E85-4A1F-B9C9-B5BF413BC8C3}.Release|x86.ActiveCfg = Release|Any CPU
		{42D596C2-6E85-4A1F-B9C9-B5BF413BC8C3}.Release|x86.Build.0 = Release|Any CPU
		{A69756BB-9551-410B-8AAB-FEACF9F51934}.Debug|Any CPU.ActiveCfg = Debug|Any CPU
		{A69756BB-9551-410B-8AAB-FEACF9F51934}.Debug|Any CPU.Build.0 = Debug|Any CPU
		{A69756BB-9551-410B-8AAB-FEACF9F51934}.Debug|x64.ActiveCfg = Debug|Any CPU
		{A69756BB-9551-410B-8AAB-FEACF9F51934}.Debug|x64.Build.0 = Debug|Any CPU
		{A69756BB-9551-410B-8AAB-FEACF9F51934}.Debug|x86.ActiveCfg = Debug|Any CPU
		{A69756BB-9551-410B-8AAB-FEACF9F51934}.Debug|x86.Build.0 = Debug|Any CPU
		{A69756BB-9551-410B-8AAB-FEACF9F51934}.Release|Any CPU.ActiveCfg = Release|Any CPU
		{A69756BB-9551-410B-8AAB-FEACF9F51934}.Release|Any CPU.Build.0 = Release|Any CPU
		{A69756BB-9551-410B-8AAB-FEACF9F51934}.Release|x64.ActiveCfg = Release|Any CPU
		{A69756BB-9551-410B-8AAB-FEACF9F51934}.Release|x64.Build.0 = Release|Any CPU
		{A69756BB-9551-410B-8AAB-FEACF9F51934}.Release|x86.ActiveCfg = Release|Any CPU
		{A69756BB-9551-410B-8AAB-FEACF9F51934}.Release|x86.Build.0 = Release|Any CPU
		{FD2D8602-489D-4CC6-85D7-D65BDE53FD34}.Debug|Any CPU.ActiveCfg = Debug|Any CPU
		{FD2D8602-489D-4CC6-85D7-D65BDE53FD34}.Debug|Any CPU.Build.0 = Debug|Any CPU
		{FD2D8602-489D-4CC6-85D7-D65BDE53FD34}.Debug|x64.ActiveCfg = Debug|Any CPU
		{FD2D8602-489D-4CC6-85D7-D65BDE53FD34}.Debug|x64.Build.0 = Debug|Any CPU
		{FD2D8602-489D-4CC6-85D7-D65BDE53FD34}.Debug|x86.ActiveCfg = Debug|Any CPU
		{FD2D8602-489D-4CC6-85D7-D65BDE53FD34}.Debug|x86.Build.0 = Debug|Any CPU
		{FD2D8602-489D-4CC6-85D7-D65BDE53FD34}.Release|Any CPU.ActiveCfg = Release|Any CPU
		{FD2D8602-489D-4CC6-85D7-D65BDE53FD34}.Release|Any CPU.Build.0 = Release|Any CPU
		{FD2D8602-489D-4CC6-85D7-D65BDE53FD34}.Release|x64.ActiveCfg = Release|Any CPU
		{FD2D8602-489D-4CC6-85D7-D65BDE53FD34}.Release|x64.Build.0 = Release|Any CPU
		{FD2D8602-489D-4CC6-85D7-D65BDE53FD34}.Release|x86.ActiveCfg = Release|Any CPU
		{FD2D8602-489D-4CC6-85D7-D65BDE53FD34}.Release|x86.Build.0 = Release|Any CPU
		{CD040CC4-E05E-4024-A780-EB2E042D6EF6}.Debug|Any CPU.ActiveCfg = Debug|Any CPU
		{CD040CC4-E05E-4024-A780-EB2E042D6EF6}.Debug|Any CPU.Build.0 = Debug|Any CPU
		{CD040CC4-E05E-4024-A780-EB2E042D6EF6}.Debug|x64.ActiveCfg = Debug|Any CPU
		{CD040CC4-E05E-4024-A780-EB2E042D6EF6}.Debug|x64.Build.0 = Debug|Any CPU
		{CD040CC4-E05E-4024-A780-EB2E042D6EF6}.Debug|x86.ActiveCfg = Debug|Any CPU
		{CD040CC4-E05E-4024-A780-EB2E042D6EF6}.Debug|x86.Build.0 = Debug|Any CPU
		{CD040CC4-E05E-4024-A780-EB2E042D6EF6}.Release|Any CPU.ActiveCfg = Release|Any CPU
		{CD040CC4-E05E-4024-A780-EB2E042D6EF6}.Release|Any CPU.Build.0 = Release|Any CPU
		{CD040CC4-E05E-4024-A780-EB2E042D6EF6}.Release|x64.ActiveCfg = Release|Any CPU
		{CD040CC4-E05E-4024-A780-EB2E042D6EF6}.Release|x64.Build.0 = Release|Any CPU
		{CD040CC4-E05E-4024-A780-EB2E042D6EF6}.Release|x86.ActiveCfg = Release|Any CPU
		{CD040CC4-E05E-4024-A780-EB2E042D6EF6}.Release|x86.Build.0 = Release|Any CPU
		{A19896B9-F73F-4045-891A-7012D94C7B30}.Debug|Any CPU.ActiveCfg = Debug|Any CPU
		{A19896B9-F73F-4045-891A-7012D94C7B30}.Debug|Any CPU.Build.0 = Debug|Any CPU
		{A19896B9-F73F-4045-891A-7012D94C7B30}.Debug|x64.ActiveCfg = Debug|Any CPU
		{A19896B9-F73F-4045-891A-7012D94C7B30}.Debug|x64.Build.0 = Debug|Any CPU
		{A19896B9-F73F-4045-891A-7012D94C7B30}.Debug|x86.ActiveCfg = Debug|Any CPU
		{A19896B9-F73F-4045-891A-7012D94C7B30}.Debug|x86.Build.0 = Debug|Any CPU
		{A19896B9-F73F-4045-891A-7012D94C7B30}.Release|Any CPU.ActiveCfg = Release|Any CPU
		{A19896B9-F73F-4045-891A-7012D94C7B30}.Release|Any CPU.Build.0 = Release|Any CPU
		{A19896B9-F73F-4045-891A-7012D94C7B30}.Release|x64.ActiveCfg = Release|Any CPU
		{A19896B9-F73F-4045-891A-7012D94C7B30}.Release|x64.Build.0 = Release|Any CPU
		{A19896B9-F73F-4045-891A-7012D94C7B30}.Release|x86.ActiveCfg = Release|Any CPU
		{A19896B9-F73F-4045-891A-7012D94C7B30}.Release|x86.Build.0 = Release|Any CPU
		{7F82F32E-90A3-4AA7-B460-023F62BC4E73}.Debug|Any CPU.ActiveCfg = Debug|Any CPU
		{7F82F32E-90A3-4AA7-B460-023F62BC4E73}.Debug|Any CPU.Build.0 = Debug|Any CPU
		{7F82F32E-90A3-4AA7-B460-023F62BC4E73}.Debug|x64.ActiveCfg = Debug|Any CPU
		{7F82F32E-90A3-4AA7-B460-023F62BC4E73}.Debug|x64.Build.0 = Debug|Any CPU
		{7F82F32E-90A3-4AA7-B460-023F62BC4E73}.Debug|x86.ActiveCfg = Debug|Any CPU
		{7F82F32E-90A3-4AA7-B460-023F62BC4E73}.Debug|x86.Build.0 = Debug|Any CPU
		{7F82F32E-90A3-4AA7-B460-023F62BC4E73}.Release|Any CPU.ActiveCfg = Release|Any CPU
		{7F82F32E-90A3-4AA7-B460-023F62BC4E73}.Release|Any CPU.Build.0 = Release|Any CPU
		{7F82F32E-90A3-4AA7-B460-023F62BC4E73}.Release|x64.ActiveCfg = Release|Any CPU
		{7F82F32E-90A3-4AA7-B460-023F62BC4E73}.Release|x64.Build.0 = Release|Any CPU
		{7F82F32E-90A3-4AA7-B460-023F62BC4E73}.Release|x86.ActiveCfg = Release|Any CPU
		{7F82F32E-90A3-4AA7-B460-023F62BC4E73}.Release|x86.Build.0 = Release|Any CPU
		{E6DBB4D1-1C43-4F8A-9DF9-665CF52CAE05}.Debug|Any CPU.ActiveCfg = Debug|Any CPU
		{E6DBB4D1-1C43-4F8A-9DF9-665CF52CAE05}.Debug|Any CPU.Build.0 = Debug|Any CPU
		{E6DBB4D1-1C43-4F8A-9DF9-665CF52CAE05}.Debug|x64.ActiveCfg = Debug|Any CPU
		{E6DBB4D1-1C43-4F8A-9DF9-665CF52CAE05}.Debug|x64.Build.0 = Debug|Any CPU
		{E6DBB4D1-1C43-4F8A-9DF9-665CF52CAE05}.Debug|x86.ActiveCfg = Debug|Any CPU
		{E6DBB4D1-1C43-4F8A-9DF9-665CF52CAE05}.Debug|x86.Build.0 = Debug|Any CPU
		{E6DBB4D1-1C43-4F8A-9DF9-665CF52CAE05}.Release|Any CPU.ActiveCfg = Release|Any CPU
		{E6DBB4D1-1C43-4F8A-9DF9-665CF52CAE05}.Release|Any CPU.Build.0 = Release|Any CPU
		{E6DBB4D1-1C43-4F8A-9DF9-665CF52CAE05}.Release|x64.ActiveCfg = Release|Any CPU
		{E6DBB4D1-1C43-4F8A-9DF9-665CF52CAE05}.Release|x64.Build.0 = Release|Any CPU
		{E6DBB4D1-1C43-4F8A-9DF9-665CF52CAE05}.Release|x86.ActiveCfg = Release|Any CPU
		{E6DBB4D1-1C43-4F8A-9DF9-665CF52CAE05}.Release|x86.Build.0 = Release|Any CPU
		{047D2690-301B-4E40-AD1F-9E5BC38DCD08}.Debug|Any CPU.ActiveCfg = Debug|Any CPU
		{047D2690-301B-4E40-AD1F-9E5BC38DCD08}.Debug|Any CPU.Build.0 = Debug|Any CPU
		{047D2690-301B-4E40-AD1F-9E5BC38DCD08}.Debug|x64.ActiveCfg = Debug|Any CPU
		{047D2690-301B-4E40-AD1F-9E5BC38DCD08}.Debug|x64.Build.0 = Debug|Any CPU
		{047D2690-301B-4E40-AD1F-9E5BC38DCD08}.Debug|x86.ActiveCfg = Debug|Any CPU
		{047D2690-301B-4E40-AD1F-9E5BC38DCD08}.Debug|x86.Build.0 = Debug|Any CPU
		{047D2690-301B-4E40-AD1F-9E5BC38DCD08}.Release|Any CPU.ActiveCfg = Release|Any CPU
		{047D2690-301B-4E40-AD1F-9E5BC38DCD08}.Release|Any CPU.Build.0 = Release|Any CPU
		{047D2690-301B-4E40-AD1F-9E5BC38DCD08}.Release|x64.ActiveCfg = Release|Any CPU
		{047D2690-301B-4E40-AD1F-9E5BC38DCD08}.Release|x64.Build.0 = Release|Any CPU
		{047D2690-301B-4E40-AD1F-9E5BC38DCD08}.Release|x86.ActiveCfg = Release|Any CPU
		{047D2690-301B-4E40-AD1F-9E5BC38DCD08}.Release|x86.Build.0 = Release|Any CPU
		{13D17EC9-FC3F-487A-AEB4-DCC766CE1C06}.Debug|Any CPU.ActiveCfg = Debug|Any CPU
		{13D17EC9-FC3F-487A-AEB4-DCC766CE1C06}.Debug|Any CPU.Build.0 = Debug|Any CPU
		{13D17EC9-FC3F-487A-AEB4-DCC766CE1C06}.Debug|x64.ActiveCfg = Debug|Any CPU
		{13D17EC9-FC3F-487A-AEB4-DCC766CE1C06}.Debug|x64.Build.0 = Debug|Any CPU
		{13D17EC9-FC3F-487A-AEB4-DCC766CE1C06}.Debug|x86.ActiveCfg = Debug|Any CPU
		{13D17EC9-FC3F-487A-AEB4-DCC766CE1C06}.Debug|x86.Build.0 = Debug|Any CPU
		{13D17EC9-FC3F-487A-AEB4-DCC766CE1C06}.Release|Any CPU.ActiveCfg = Release|Any CPU
		{13D17EC9-FC3F-487A-AEB4-DCC766CE1C06}.Release|Any CPU.Build.0 = Release|Any CPU
		{13D17EC9-FC3F-487A-AEB4-DCC766CE1C06}.Release|x64.ActiveCfg = Release|Any CPU
		{13D17EC9-FC3F-487A-AEB4-DCC766CE1C06}.Release|x64.Build.0 = Release|Any CPU
		{13D17EC9-FC3F-487A-AEB4-DCC766CE1C06}.Release|x86.ActiveCfg = Release|Any CPU
		{13D17EC9-FC3F-487A-AEB4-DCC766CE1C06}.Release|x86.Build.0 = Release|Any CPU
		{BEEF81F2-9B3A-4B43-9A63-7CF598C8AAD4}.Debug|Any CPU.ActiveCfg = Debug|Any CPU
		{BEEF81F2-9B3A-4B43-9A63-7CF598C8AAD4}.Debug|Any CPU.Build.0 = Debug|Any CPU
		{BEEF81F2-9B3A-4B43-9A63-7CF598C8AAD4}.Debug|x64.ActiveCfg = Debug|Any CPU
		{BEEF81F2-9B3A-4B43-9A63-7CF598C8AAD4}.Debug|x64.Build.0 = Debug|Any CPU
		{BEEF81F2-9B3A-4B43-9A63-7CF598C8AAD4}.Debug|x86.ActiveCfg = Debug|Any CPU
		{BEEF81F2-9B3A-4B43-9A63-7CF598C8AAD4}.Debug|x86.Build.0 = Debug|Any CPU
		{BEEF81F2-9B3A-4B43-9A63-7CF598C8AAD4}.Release|Any CPU.ActiveCfg = Release|Any CPU
		{BEEF81F2-9B3A-4B43-9A63-7CF598C8AAD4}.Release|Any CPU.Build.0 = Release|Any CPU
		{BEEF81F2-9B3A-4B43-9A63-7CF598C8AAD4}.Release|x64.ActiveCfg = Release|Any CPU
		{BEEF81F2-9B3A-4B43-9A63-7CF598C8AAD4}.Release|x64.Build.0 = Release|Any CPU
		{BEEF81F2-9B3A-4B43-9A63-7CF598C8AAD4}.Release|x86.ActiveCfg = Release|Any CPU
		{BEEF81F2-9B3A-4B43-9A63-7CF598C8AAD4}.Release|x86.Build.0 = Release|Any CPU
		{115113D2-B217-40A9-B9EC-9F351DDDFD0C}.Debug|Any CPU.ActiveCfg = Debug|Any CPU
		{115113D2-B217-40A9-B9EC-9F351DDDFD0C}.Debug|Any CPU.Build.0 = Debug|Any CPU
		{115113D2-B217-40A9-B9EC-9F351DDDFD0C}.Debug|x64.ActiveCfg = Debug|Any CPU
		{115113D2-B217-40A9-B9EC-9F351DDDFD0C}.Debug|x64.Build.0 = Debug|Any CPU
		{115113D2-B217-40A9-B9EC-9F351DDDFD0C}.Debug|x86.ActiveCfg = Debug|Any CPU
		{115113D2-B217-40A9-B9EC-9F351DDDFD0C}.Debug|x86.Build.0 = Debug|Any CPU
		{115113D2-B217-40A9-B9EC-9F351DDDFD0C}.Release|Any CPU.ActiveCfg = Release|Any CPU
		{115113D2-B217-40A9-B9EC-9F351DDDFD0C}.Release|Any CPU.Build.0 = Release|Any CPU
		{115113D2-B217-40A9-B9EC-9F351DDDFD0C}.Release|x64.ActiveCfg = Release|Any CPU
		{115113D2-B217-40A9-B9EC-9F351DDDFD0C}.Release|x64.Build.0 = Release|Any CPU
		{115113D2-B217-40A9-B9EC-9F351DDDFD0C}.Release|x86.ActiveCfg = Release|Any CPU
		{115113D2-B217-40A9-B9EC-9F351DDDFD0C}.Release|x86.Build.0 = Release|Any CPU
		{02E7CC9C-01DD-43A5-8C45-09938ABE4803}.Debug|Any CPU.ActiveCfg = Debug|Any CPU
		{02E7CC9C-01DD-43A5-8C45-09938ABE4803}.Debug|Any CPU.Build.0 = Debug|Any CPU
		{02E7CC9C-01DD-43A5-8C45-09938ABE4803}.Debug|x64.ActiveCfg = Debug|Any CPU
		{02E7CC9C-01DD-43A5-8C45-09938ABE4803}.Debug|x64.Build.0 = Debug|Any CPU
		{02E7CC9C-01DD-43A5-8C45-09938ABE4803}.Debug|x86.ActiveCfg = Debug|Any CPU
		{02E7CC9C-01DD-43A5-8C45-09938ABE4803}.Debug|x86.Build.0 = Debug|Any CPU
		{02E7CC9C-01DD-43A5-8C45-09938ABE4803}.Release|Any CPU.ActiveCfg = Release|Any CPU
		{02E7CC9C-01DD-43A5-8C45-09938ABE4803}.Release|Any CPU.Build.0 = Release|Any CPU
		{02E7CC9C-01DD-43A5-8C45-09938ABE4803}.Release|x64.ActiveCfg = Release|Any CPU
		{02E7CC9C-01DD-43A5-8C45-09938ABE4803}.Release|x64.Build.0 = Release|Any CPU
		{02E7CC9C-01DD-43A5-8C45-09938ABE4803}.Release|x86.ActiveCfg = Release|Any CPU
		{02E7CC9C-01DD-43A5-8C45-09938ABE4803}.Release|x86.Build.0 = Release|Any CPU
		{395565DD-6879-4D78-BCB0-27F6F0CECEEC}.Debug|Any CPU.ActiveCfg = Debug|Any CPU
		{395565DD-6879-4D78-BCB0-27F6F0CECEEC}.Debug|Any CPU.Build.0 = Debug|Any CPU
		{395565DD-6879-4D78-BCB0-27F6F0CECEEC}.Debug|x64.ActiveCfg = Debug|Any CPU
		{395565DD-6879-4D78-BCB0-27F6F0CECEEC}.Debug|x64.Build.0 = Debug|Any CPU
		{395565DD-6879-4D78-BCB0-27F6F0CECEEC}.Debug|x86.ActiveCfg = Debug|Any CPU
		{395565DD-6879-4D78-BCB0-27F6F0CECEEC}.Debug|x86.Build.0 = Debug|Any CPU
		{395565DD-6879-4D78-BCB0-27F6F0CECEEC}.Release|Any CPU.ActiveCfg = Release|Any CPU
		{395565DD-6879-4D78-BCB0-27F6F0CECEEC}.Release|Any CPU.Build.0 = Release|Any CPU
		{395565DD-6879-4D78-BCB0-27F6F0CECEEC}.Release|x64.ActiveCfg = Release|Any CPU
		{395565DD-6879-4D78-BCB0-27F6F0CECEEC}.Release|x64.Build.0 = Release|Any CPU
		{395565DD-6879-4D78-BCB0-27F6F0CECEEC}.Release|x86.ActiveCfg = Release|Any CPU
		{395565DD-6879-4D78-BCB0-27F6F0CECEEC}.Release|x86.Build.0 = Release|Any CPU
		{5CCD3FD4-F9A4-486C-A33A-5E3716C4F2A3}.Debug|Any CPU.ActiveCfg = Debug|Any CPU
		{5CCD3FD4-F9A4-486C-A33A-5E3716C4F2A3}.Debug|Any CPU.Build.0 = Debug|Any CPU
		{5CCD3FD4-F9A4-486C-A33A-5E3716C4F2A3}.Debug|x64.ActiveCfg = Debug|Any CPU
		{5CCD3FD4-F9A4-486C-A33A-5E3716C4F2A3}.Debug|x64.Build.0 = Debug|Any CPU
		{5CCD3FD4-F9A4-486C-A33A-5E3716C4F2A3}.Debug|x86.ActiveCfg = Debug|Any CPU
		{5CCD3FD4-F9A4-486C-A33A-5E3716C4F2A3}.Debug|x86.Build.0 = Debug|Any CPU
		{5CCD3FD4-F9A4-486C-A33A-5E3716C4F2A3}.Release|Any CPU.ActiveCfg = Release|Any CPU
		{5CCD3FD4-F9A4-486C-A33A-5E3716C4F2A3}.Release|Any CPU.Build.0 = Release|Any CPU
		{5CCD3FD4-F9A4-486C-A33A-5E3716C4F2A3}.Release|x64.ActiveCfg = Release|Any CPU
		{5CCD3FD4-F9A4-486C-A33A-5E3716C4F2A3}.Release|x64.Build.0 = Release|Any CPU
		{5CCD3FD4-F9A4-486C-A33A-5E3716C4F2A3}.Release|x86.ActiveCfg = Release|Any CPU
		{5CCD3FD4-F9A4-486C-A33A-5E3716C4F2A3}.Release|x86.Build.0 = Release|Any CPU
		{8DA9045C-9CCE-4112-B17D-4662888866FA}.Debug|Any CPU.ActiveCfg = Debug|Any CPU
		{8DA9045C-9CCE-4112-B17D-4662888866FA}.Debug|Any CPU.Build.0 = Debug|Any CPU
		{8DA9045C-9CCE-4112-B17D-4662888866FA}.Debug|x64.ActiveCfg = Debug|Any CPU
		{8DA9045C-9CCE-4112-B17D-4662888866FA}.Debug|x64.Build.0 = Debug|Any CPU
		{8DA9045C-9CCE-4112-B17D-4662888866FA}.Debug|x86.ActiveCfg = Debug|Any CPU
		{8DA9045C-9CCE-4112-B17D-4662888866FA}.Debug|x86.Build.0 = Debug|Any CPU
		{8DA9045C-9CCE-4112-B17D-4662888866FA}.Release|Any CPU.ActiveCfg = Release|Any CPU
		{8DA9045C-9CCE-4112-B17D-4662888866FA}.Release|Any CPU.Build.0 = Release|Any CPU
		{8DA9045C-9CCE-4112-B17D-4662888866FA}.Release|x64.ActiveCfg = Release|Any CPU
		{8DA9045C-9CCE-4112-B17D-4662888866FA}.Release|x64.Build.0 = Release|Any CPU
		{8DA9045C-9CCE-4112-B17D-4662888866FA}.Release|x86.ActiveCfg = Release|Any CPU
		{8DA9045C-9CCE-4112-B17D-4662888866FA}.Release|x86.Build.0 = Release|Any CPU
	EndGlobalSection
	GlobalSection(NestedProjects) = preSolution
		{09947F01-13E2-4C88-A82D-8F293663B835} = {94F1B772-2E19-4533-AA0D-C3D4538F7ACF}
		{D624F834-B4DA-44AB-B5E7-0A27CECC8B51} = {94F1B772-2E19-4533-AA0D-C3D4538F7ACF}
		{E1DC81A3-03C9-4A92-AA20-C9F75A62B6F3} = {94F1B772-2E19-4533-AA0D-C3D4538F7ACF}
		{298757E8-AFE9-4C82-8532-E5971BB49747} = {94F1B772-2E19-4533-AA0D-C3D4538F7ACF}
		{877745DE-5B43-4F90-BF76-2236A5EED6D4} = {659D6D5B-A5D8-4691-A1EF-198CEC3F19DB}
		{42D596C2-6E85-4A1F-B9C9-B5BF413BC8C3} = {659D6D5B-A5D8-4691-A1EF-198CEC3F19DB}
		{A69756BB-9551-410B-8AAB-FEACF9F51934} = {659D6D5B-A5D8-4691-A1EF-198CEC3F19DB}
		{FD2D8602-489D-4CC6-85D7-D65BDE53FD34} = {659D6D5B-A5D8-4691-A1EF-198CEC3F19DB}
		{CD040CC4-E05E-4024-A780-EB2E042D6EF6} = {2A3E3C2E-65F3-45CE-AA0A-88EBFD114695}
		{A19896B9-F73F-4045-891A-7012D94C7B30} = {2A3E3C2E-65F3-45CE-AA0A-88EBFD114695}
		{7F82F32E-90A3-4AA7-B460-023F62BC4E73} = {2A3E3C2E-65F3-45CE-AA0A-88EBFD114695}
		{E6DBB4D1-1C43-4F8A-9DF9-665CF52CAE05} = {2A3E3C2E-65F3-45CE-AA0A-88EBFD114695}
		{047D2690-301B-4E40-AD1F-9E5BC38DCD08} = {0009CCBC-252D-4DEF-A064-4AB3A3BB0AA7}
		{13D17EC9-FC3F-487A-AEB4-DCC766CE1C06} = {0009CCBC-252D-4DEF-A064-4AB3A3BB0AA7}
		{BEEF81F2-9B3A-4B43-9A63-7CF598C8AAD4} = {0009CCBC-252D-4DEF-A064-4AB3A3BB0AA7}
		{115113D2-B217-40A9-B9EC-9F351DDDFD0C} = {0009CCBC-252D-4DEF-A064-4AB3A3BB0AA7}
	EndGlobalSection
EndGlobal
