
Microsoft Visual Studio Solution File, Format Version 12.00
# Visual Studio Version 16
VisualStudioVersion = 16.0.30114.105
MinimumVisualStudioVersion = 10.0.40219.1
Project("{2150E333-8FDC-42A3-9474-1A3956D46DE8}") = "01. Auth", "01. Auth", "{1DE13FB1-575A-4C73-A724-FE2ABDF6B413}"
EndProject
Project("{FAE04EC0-301F-11D3-BF4B-00C04F79EFBC}") = "Api.Auth", "01. Auth\Api.Auth\Api.Auth.csproj", "{CA85A83B-9450-40E2-B3B6-B18507487A15}"
EndProject
Project("{FAE04EC0-301F-11D3-BF4B-00C04F79EFBC}") = "Service.Auth", "01. Auth\Service.Auth\Service.Auth.csproj", "{572471F9-09FF-48B6-A229-5F2749378CD1}"
EndProject
Project("{FAE04EC0-301F-11D3-BF4B-00C04F79EFBC}") = "Test.Auth", "01. Auth\Test.Auth\Test.Auth.csproj", "{F55427CF-9177-4958-9ED7-5AF7616B6183}"
EndProject
Project("{2150E333-8FDC-42A3-9474-1A3956D46DE8}") = "02. Users", "02. Users", "{3DEC52D6-D20A-4EFF-A5F4-CF89CA9951DD}"
EndProject
Project("{FAE04EC0-301F-11D3-BF4B-00C04F79EFBC}") = "Api.Users", "02. Users\Api.Users\Api.Users.csproj", "{CF504368-2C39-409F-84B6-6A1F1001D679}"
EndProject
Project("{FAE04EC0-301F-11D3-BF4B-00C04F79EFBC}") = "Service.Users", "02. Users\Service.Users\Service.Users.csproj", "{F9281A72-D9B7-4A10-82A0-ED2482AB9AE6}"
EndProject
Project("{FAE04EC0-301F-11D3-BF4B-00C04F79EFBC}") = "Test.Users", "02. Users\Test.Users\Test.Users.csproj", "{A84A7755-C37C-4ED8-A3EE-50505D5B81E2}"
EndProject
Project("{2150E333-8FDC-42A3-9474-1A3956D46DE8}") = "03. Tags", "03. Tags", "{A2DEC201-3CEE-459A-B0F9-AE91212E39C8}"
EndProject
Project("{FAE04EC0-301F-11D3-BF4B-00C04F79EFBC}") = "Test.Tags", "03. Tags\Test.Tags\Test.Tags.csproj", "{D1353BDB-7B49-4A73-927F-4BEE8943B1BF}"
EndProject
Project("{FAE04EC0-301F-11D3-BF4B-00C04F79EFBC}") = "Service.Tags", "03. Tags\Service.Tags\Service.Tags.csproj", "{D8CBF8FF-9D28-4225-B4CC-A15839C6F129}"
EndProject
Project("{FAE04EC0-301F-11D3-BF4B-00C04F79EFBC}") = "Api.Tags", "03. Tags\Api.Tags\Api.Tags.csproj", "{2E868CAE-BBE9-45FA-AFEF-90DD6C61F05A}"
EndProject
Project("{2150E333-8FDC-42A3-9474-1A3956D46DE8}") = "04. Integrations", "04. Integrations", "{394BD973-C459-4174-9D7C-BA404A37F3A7}"
EndProject
Project("{FAE04EC0-301F-11D3-BF4B-00C04F79EFBC}") = "Api.Integrations", "04. Integrations\Api.Integrations\Api.Integrations.csproj", "{72CC59C7-69A2-491F-BB79-3E245ACE6009}"
EndProject
Project("{FAE04EC0-301F-11D3-BF4B-00C04F79EFBC}") = "Service.Integrations", "04. Integrations\Service.Integrations\Service.Integrations.csproj", "{5A15FC33-4E68-4CD2-ABD9-3C13D6843761}"
EndProject
Project("{FAE04EC0-301F-11D3-BF4B-00C04F79EFBC}") = "Test.Integrations", "04. Integrations\Test.Integrations\Test.Integrations.csproj", "{4FBC7BA7-0CAF-4A5E-B09B-9B3498CBF9E1}"
EndProject
Project("{FAE04EC0-301F-11D3-BF4B-00C04F79EFBC}") = "Sdk.Auth", "01. Auth\Sdk.Auth\Sdk.Auth.csproj", "{C2FFF1FC-0F85-4AC7-B55F-D0302034A911}"
EndProject
Project("{FAE04EC0-301F-11D3-BF4B-00C04F79EFBC}") = "Sdk.Users", "02. Users\Sdk.Users\Sdk.Users.csproj", "{0BBB2CC5-0DC2-4429-8E50-02C38698DD64}"
EndProject
Project("{FAE04EC0-301F-11D3-BF4B-00C04F79EFBC}") = "Sdk.Tags", "03. Tags\Sdk.Tags\Sdk.Tags.csproj", "{ADB53DDB-EAC5-4A86-851D-7C3287241B6C}"
EndProject
Project("{FAE04EC0-301F-11D3-BF4B-00C04F79EFBC}") = "Sdk.Integrations", "04. Integrations\Sdk.Integrations\Sdk.Integrations.csproj", "{4F99D533-4B11-4A50-80B2-83989475D840}"
EndProject
Global
	GlobalSection(SolutionConfigurationPlatforms) = preSolution
		Debug|Any CPU = Debug|Any CPU
		Debug|x64 = Debug|x64
		Debug|x86 = Debug|x86
		Release|Any CPU = Release|Any CPU
		Release|x64 = Release|x64
		Release|x86 = Release|x86
	EndGlobalSection
	GlobalSection(SolutionProperties) = preSolution
		HideSolutionNode = FALSE
	EndGlobalSection
	GlobalSection(ProjectConfigurationPlatforms) = postSolution
		{A394559B-B3F8-478C-81EB-2B1DC4CF0F2F}.Debug|Any CPU.ActiveCfg = Debug|Any CPU
		{A394559B-B3F8-478C-81EB-2B1DC4CF0F2F}.Debug|Any CPU.Build.0 = Debug|Any CPU
		{A394559B-B3F8-478C-81EB-2B1DC4CF0F2F}.Debug|x64.ActiveCfg = Debug|Any CPU
		{A394559B-B3F8-478C-81EB-2B1DC4CF0F2F}.Debug|x64.Build.0 = Debug|Any CPU
		{A394559B-B3F8-478C-81EB-2B1DC4CF0F2F}.Debug|x86.ActiveCfg = Debug|Any CPU
		{A394559B-B3F8-478C-81EB-2B1DC4CF0F2F}.Debug|x86.Build.0 = Debug|Any CPU
		{A394559B-B3F8-478C-81EB-2B1DC4CF0F2F}.Release|Any CPU.ActiveCfg = Release|Any CPU
		{A394559B-B3F8-478C-81EB-2B1DC4CF0F2F}.Release|Any CPU.Build.0 = Release|Any CPU
		{A394559B-B3F8-478C-81EB-2B1DC4CF0F2F}.Release|x64.ActiveCfg = Release|Any CPU
		{A394559B-B3F8-478C-81EB-2B1DC4CF0F2F}.Release|x64.Build.0 = Release|Any CPU
		{A394559B-B3F8-478C-81EB-2B1DC4CF0F2F}.Release|x86.ActiveCfg = Release|Any CPU
		{A394559B-B3F8-478C-81EB-2B1DC4CF0F2F}.Release|x86.Build.0 = Release|Any CPU
		{7D15D0EB-8C54-4640-BF68-FA159A29465C}.Debug|Any CPU.ActiveCfg = Debug|Any CPU
		{7D15D0EB-8C54-4640-BF68-FA159A29465C}.Debug|Any CPU.Build.0 = Debug|Any CPU
		{7D15D0EB-8C54-4640-BF68-FA159A29465C}.Debug|x64.ActiveCfg = Debug|Any CPU
		{7D15D0EB-8C54-4640-BF68-FA159A29465C}.Debug|x64.Build.0 = Debug|Any CPU
		{7D15D0EB-8C54-4640-BF68-FA159A29465C}.Debug|x86.ActiveCfg = Debug|Any CPU
		{7D15D0EB-8C54-4640-BF68-FA159A29465C}.Debug|x86.Build.0 = Debug|Any CPU
		{7D15D0EB-8C54-4640-BF68-FA159A29465C}.Release|Any CPU.ActiveCfg = Release|Any CPU
		{7D15D0EB-8C54-4640-BF68-FA159A29465C}.Release|Any CPU.Build.0 = Release|Any CPU
		{7D15D0EB-8C54-4640-BF68-FA159A29465C}.Release|x64.ActiveCfg = Release|Any CPU
		{7D15D0EB-8C54-4640-BF68-FA159A29465C}.Release|x64.Build.0 = Release|Any CPU
		{7D15D0EB-8C54-4640-BF68-FA159A29465C}.Release|x86.ActiveCfg = Release|Any CPU
		{7D15D0EB-8C54-4640-BF68-FA159A29465C}.Release|x86.Build.0 = Release|Any CPU
		{CA85A83B-9450-40E2-B3B6-B18507487A15}.Debug|Any CPU.ActiveCfg = Debug|Any CPU
		{CA85A83B-9450-40E2-B3B6-B18507487A15}.Debug|Any CPU.Build.0 = Debug|Any CPU
		{CA85A83B-9450-40E2-B3B6-B18507487A15}.Debug|x64.ActiveCfg = Debug|Any CPU
		{CA85A83B-9450-40E2-B3B6-B18507487A15}.Debug|x64.Build.0 = Debug|Any CPU
		{CA85A83B-9450-40E2-B3B6-B18507487A15}.Debug|x86.ActiveCfg = Debug|Any CPU
		{CA85A83B-9450-40E2-B3B6-B18507487A15}.Debug|x86.Build.0 = Debug|Any CPU
		{CA85A83B-9450-40E2-B3B6-B18507487A15}.Release|Any CPU.ActiveCfg = Release|Any CPU
		{CA85A83B-9450-40E2-B3B6-B18507487A15}.Release|Any CPU.Build.0 = Release|Any CPU
		{CA85A83B-9450-40E2-B3B6-B18507487A15}.Release|x64.ActiveCfg = Release|Any CPU
		{CA85A83B-9450-40E2-B3B6-B18507487A15}.Release|x64.Build.0 = Release|Any CPU
		{CA85A83B-9450-40E2-B3B6-B18507487A15}.Release|x86.ActiveCfg = Release|Any CPU
		{CA85A83B-9450-40E2-B3B6-B18507487A15}.Release|x86.Build.0 = Release|Any CPU
		{572471F9-09FF-48B6-A229-5F2749378CD1}.Debug|Any CPU.ActiveCfg = Debug|Any CPU
		{572471F9-09FF-48B6-A229-5F2749378CD1}.Debug|Any CPU.Build.0 = Debug|Any CPU
		{572471F9-09FF-48B6-A229-5F2749378CD1}.Debug|x64.ActiveCfg = Debug|Any CPU
		{572471F9-09FF-48B6-A229-5F2749378CD1}.Debug|x64.Build.0 = Debug|Any CPU
		{572471F9-09FF-48B6-A229-5F2749378CD1}.Debug|x86.ActiveCfg = Debug|Any CPU
		{572471F9-09FF-48B6-A229-5F2749378CD1}.Debug|x86.Build.0 = Debug|Any CPU
		{572471F9-09FF-48B6-A229-5F2749378CD1}.Release|Any CPU.ActiveCfg = Release|Any CPU
		{572471F9-09FF-48B6-A229-5F2749378CD1}.Release|Any CPU.Build.0 = Release|Any CPU
		{572471F9-09FF-48B6-A229-5F2749378CD1}.Release|x64.ActiveCfg = Release|Any CPU
		{572471F9-09FF-48B6-A229-5F2749378CD1}.Release|x64.Build.0 = Release|Any CPU
		{572471F9-09FF-48B6-A229-5F2749378CD1}.Release|x86.ActiveCfg = Release|Any CPU
		{572471F9-09FF-48B6-A229-5F2749378CD1}.Release|x86.Build.0 = Release|Any CPU
		{F55427CF-9177-4958-9ED7-5AF7616B6183}.Debug|Any CPU.ActiveCfg = Debug|Any CPU
		{F55427CF-9177-4958-9ED7-5AF7616B6183}.Debug|Any CPU.Build.0 = Debug|Any CPU
		{F55427CF-9177-4958-9ED7-5AF7616B6183}.Debug|x64.ActiveCfg = Debug|Any CPU
		{F55427CF-9177-4958-9ED7-5AF7616B6183}.Debug|x64.Build.0 = Debug|Any CPU
		{F55427CF-9177-4958-9ED7-5AF7616B6183}.Debug|x86.ActiveCfg = Debug|Any CPU
		{F55427CF-9177-4958-9ED7-5AF7616B6183}.Debug|x86.Build.0 = Debug|Any CPU
		{F55427CF-9177-4958-9ED7-5AF7616B6183}.Release|Any CPU.ActiveCfg = Release|Any CPU
		{F55427CF-9177-4958-9ED7-5AF7616B6183}.Release|Any CPU.Build.0 = Release|Any CPU
		{F55427CF-9177-4958-9ED7-5AF7616B6183}.Release|x64.ActiveCfg = Release|Any CPU
		{F55427CF-9177-4958-9ED7-5AF7616B6183}.Release|x64.Build.0 = Release|Any CPU
		{F55427CF-9177-4958-9ED7-5AF7616B6183}.Release|x86.ActiveCfg = Release|Any CPU
		{F55427CF-9177-4958-9ED7-5AF7616B6183}.Release|x86.Build.0 = Release|Any CPU
		{CF504368-2C39-409F-84B6-6A1F1001D679}.Debug|Any CPU.ActiveCfg = Debug|Any CPU
		{CF504368-2C39-409F-84B6-6A1F1001D679}.Debug|Any CPU.Build.0 = Debug|Any CPU
		{CF504368-2C39-409F-84B6-6A1F1001D679}.Debug|x64.ActiveCfg = Debug|Any CPU
		{CF504368-2C39-409F-84B6-6A1F1001D679}.Debug|x64.Build.0 = Debug|Any CPU
		{CF504368-2C39-409F-84B6-6A1F1001D679}.Debug|x86.ActiveCfg = Debug|Any CPU
		{CF504368-2C39-409F-84B6-6A1F1001D679}.Debug|x86.Build.0 = Debug|Any CPU
		{CF504368-2C39-409F-84B6-6A1F1001D679}.Release|Any CPU.ActiveCfg = Release|Any CPU
		{CF504368-2C39-409F-84B6-6A1F1001D679}.Release|Any CPU.Build.0 = Release|Any CPU
		{CF504368-2C39-409F-84B6-6A1F1001D679}.Release|x64.ActiveCfg = Release|Any CPU
		{CF504368-2C39-409F-84B6-6A1F1001D679}.Release|x64.Build.0 = Release|Any CPU
		{CF504368-2C39-409F-84B6-6A1F1001D679}.Release|x86.ActiveCfg = Release|Any CPU
		{CF504368-2C39-409F-84B6-6A1F1001D679}.Release|x86.Build.0 = Release|Any CPU
		{F9281A72-D9B7-4A10-82A0-ED2482AB9AE6}.Debug|Any CPU.ActiveCfg = Debug|Any CPU
		{F9281A72-D9B7-4A10-82A0-ED2482AB9AE6}.Debug|Any CPU.Build.0 = Debug|Any CPU
		{F9281A72-D9B7-4A10-82A0-ED2482AB9AE6}.Debug|x64.ActiveCfg = Debug|Any CPU
		{F9281A72-D9B7-4A10-82A0-ED2482AB9AE6}.Debug|x64.Build.0 = Debug|Any CPU
		{F9281A72-D9B7-4A10-82A0-ED2482AB9AE6}.Debug|x86.ActiveCfg = Debug|Any CPU
		{F9281A72-D9B7-4A10-82A0-ED2482AB9AE6}.Debug|x86.Build.0 = Debug|Any CPU
		{F9281A72-D9B7-4A10-82A0-ED2482AB9AE6}.Release|Any CPU.ActiveCfg = Release|Any CPU
		{F9281A72-D9B7-4A10-82A0-ED2482AB9AE6}.Release|Any CPU.Build.0 = Release|Any CPU
		{F9281A72-D9B7-4A10-82A0-ED2482AB9AE6}.Release|x64.ActiveCfg = Release|Any CPU
		{F9281A72-D9B7-4A10-82A0-ED2482AB9AE6}.Release|x64.Build.0 = Release|Any CPU
		{F9281A72-D9B7-4A10-82A0-ED2482AB9AE6}.Release|x86.ActiveCfg = Release|Any CPU
		{F9281A72-D9B7-4A10-82A0-ED2482AB9AE6}.Release|x86.Build.0 = Release|Any CPU
		{A84A7755-C37C-4ED8-A3EE-50505D5B81E2}.Debug|Any CPU.ActiveCfg = Debug|Any CPU
		{A84A7755-C37C-4ED8-A3EE-50505D5B81E2}.Debug|Any CPU.Build.0 = Debug|Any CPU
		{A84A7755-C37C-4ED8-A3EE-50505D5B81E2}.Debug|x64.ActiveCfg = Debug|Any CPU
		{A84A7755-C37C-4ED8-A3EE-50505D5B81E2}.Debug|x64.Build.0 = Debug|Any CPU
		{A84A7755-C37C-4ED8-A3EE-50505D5B81E2}.Debug|x86.ActiveCfg = Debug|Any CPU
		{A84A7755-C37C-4ED8-A3EE-50505D5B81E2}.Debug|x86.Build.0 = Debug|Any CPU
		{A84A7755-C37C-4ED8-A3EE-50505D5B81E2}.Release|Any CPU.ActiveCfg = Release|Any CPU
		{A84A7755-C37C-4ED8-A3EE-50505D5B81E2}.Release|Any CPU.Build.0 = Release|Any CPU
		{A84A7755-C37C-4ED8-A3EE-50505D5B81E2}.Release|x64.ActiveCfg = Release|Any CPU
		{A84A7755-C37C-4ED8-A3EE-50505D5B81E2}.Release|x64.Build.0 = Release|Any CPU
		{A84A7755-C37C-4ED8-A3EE-50505D5B81E2}.Release|x86.ActiveCfg = Release|Any CPU
		{A84A7755-C37C-4ED8-A3EE-50505D5B81E2}.Release|x86.Build.0 = Release|Any CPU
		{D1353BDB-7B49-4A73-927F-4BEE8943B1BF}.Debug|Any CPU.ActiveCfg = Debug|Any CPU
		{D1353BDB-7B49-4A73-927F-4BEE8943B1BF}.Debug|Any CPU.Build.0 = Debug|Any CPU
		{D1353BDB-7B49-4A73-927F-4BEE8943B1BF}.Debug|x64.ActiveCfg = Debug|Any CPU
		{D1353BDB-7B49-4A73-927F-4BEE8943B1BF}.Debug|x64.Build.0 = Debug|Any CPU
		{D1353BDB-7B49-4A73-927F-4BEE8943B1BF}.Debug|x86.ActiveCfg = Debug|Any CPU
		{D1353BDB-7B49-4A73-927F-4BEE8943B1BF}.Debug|x86.Build.0 = Debug|Any CPU
		{D1353BDB-7B49-4A73-927F-4BEE8943B1BF}.Release|Any CPU.ActiveCfg = Release|Any CPU
		{D1353BDB-7B49-4A73-927F-4BEE8943B1BF}.Release|Any CPU.Build.0 = Release|Any CPU
		{D1353BDB-7B49-4A73-927F-4BEE8943B1BF}.Release|x64.ActiveCfg = Release|Any CPU
		{D1353BDB-7B49-4A73-927F-4BEE8943B1BF}.Release|x64.Build.0 = Release|Any CPU
		{D1353BDB-7B49-4A73-927F-4BEE8943B1BF}.Release|x86.ActiveCfg = Release|Any CPU
		{D1353BDB-7B49-4A73-927F-4BEE8943B1BF}.Release|x86.Build.0 = Release|Any CPU
		{D8CBF8FF-9D28-4225-B4CC-A15839C6F129}.Debug|Any CPU.ActiveCfg = Debug|Any CPU
		{D8CBF8FF-9D28-4225-B4CC-A15839C6F129}.Debug|Any CPU.Build.0 = Debug|Any CPU
		{D8CBF8FF-9D28-4225-B4CC-A15839C6F129}.Debug|x64.ActiveCfg = Debug|Any CPU
		{D8CBF8FF-9D28-4225-B4CC-A15839C6F129}.Debug|x64.Build.0 = Debug|Any CPU
		{D8CBF8FF-9D28-4225-B4CC-A15839C6F129}.Debug|x86.ActiveCfg = Debug|Any CPU
		{D8CBF8FF-9D28-4225-B4CC-A15839C6F129}.Debug|x86.Build.0 = Debug|Any CPU
		{D8CBF8FF-9D28-4225-B4CC-A15839C6F129}.Release|Any CPU.ActiveCfg = Release|Any CPU
		{D8CBF8FF-9D28-4225-B4CC-A15839C6F129}.Release|Any CPU.Build.0 = Release|Any CPU
		{D8CBF8FF-9D28-4225-B4CC-A15839C6F129}.Release|x64.ActiveCfg = Release|Any CPU
		{D8CBF8FF-9D28-4225-B4CC-A15839C6F129}.Release|x64.Build.0 = Release|Any CPU
		{D8CBF8FF-9D28-4225-B4CC-A15839C6F129}.Release|x86.ActiveCfg = Release|Any CPU
		{D8CBF8FF-9D28-4225-B4CC-A15839C6F129}.Release|x86.Build.0 = Release|Any CPU
		{2E868CAE-BBE9-45FA-AFEF-90DD6C61F05A}.Debug|Any CPU.ActiveCfg = Debug|Any CPU
		{2E868CAE-BBE9-45FA-AFEF-90DD6C61F05A}.Debug|Any CPU.Build.0 = Debug|Any CPU
		{2E868CAE-BBE9-45FA-AFEF-90DD6C61F05A}.Debug|x64.ActiveCfg = Debug|Any CPU
		{2E868CAE-BBE9-45FA-AFEF-90DD6C61F05A}.Debug|x64.Build.0 = Debug|Any CPU
		{2E868CAE-BBE9-45FA-AFEF-90DD6C61F05A}.Debug|x86.ActiveCfg = Debug|Any CPU
		{2E868CAE-BBE9-45FA-AFEF-90DD6C61F05A}.Debug|x86.Build.0 = Debug|Any CPU
		{2E868CAE-BBE9-45FA-AFEF-90DD6C61F05A}.Release|Any CPU.ActiveCfg = Release|Any CPU
		{2E868CAE-BBE9-45FA-AFEF-90DD6C61F05A}.Release|Any CPU.Build.0 = Release|Any CPU
		{2E868CAE-BBE9-45FA-AFEF-90DD6C61F05A}.Release|x64.ActiveCfg = Release|Any CPU
		{2E868CAE-BBE9-45FA-AFEF-90DD6C61F05A}.Release|x64.Build.0 = Release|Any CPU
		{2E868CAE-BBE9-45FA-AFEF-90DD6C61F05A}.Release|x86.ActiveCfg = Release|Any CPU
		{2E868CAE-BBE9-45FA-AFEF-90DD6C61F05A}.Release|x86.Build.0 = Release|Any CPU
		{72CC59C7-69A2-491F-BB79-3E245ACE6009}.Debug|Any CPU.ActiveCfg = Debug|Any CPU
		{72CC59C7-69A2-491F-BB79-3E245ACE6009}.Debug|Any CPU.Build.0 = Debug|Any CPU
		{72CC59C7-69A2-491F-BB79-3E245ACE6009}.Debug|x64.ActiveCfg = Debug|Any CPU
		{72CC59C7-69A2-491F-BB79-3E245ACE6009}.Debug|x64.Build.0 = Debug|Any CPU
		{72CC59C7-69A2-491F-BB79-3E245ACE6009}.Debug|x86.ActiveCfg = Debug|Any CPU
		{72CC59C7-69A2-491F-BB79-3E245ACE6009}.Debug|x86.Build.0 = Debug|Any CPU
		{72CC59C7-69A2-491F-BB79-3E245ACE6009}.Release|Any CPU.ActiveCfg = Release|Any CPU
		{72CC59C7-69A2-491F-BB79-3E245ACE6009}.Release|Any CPU.Build.0 = Release|Any CPU
		{72CC59C7-69A2-491F-BB79-3E245ACE6009}.Release|x64.ActiveCfg = Release|Any CPU
		{72CC59C7-69A2-491F-BB79-3E245ACE6009}.Release|x64.Build.0 = Release|Any CPU
		{72CC59C7-69A2-491F-BB79-3E245ACE6009}.Release|x86.ActiveCfg = Release|Any CPU
		{72CC59C7-69A2-491F-BB79-3E245ACE6009}.Release|x86.Build.0 = Release|Any CPU
		{5A15FC33-4E68-4CD2-ABD9-3C13D6843761}.Debug|Any CPU.ActiveCfg = Debug|Any CPU
		{5A15FC33-4E68-4CD2-ABD9-3C13D6843761}.Debug|Any CPU.Build.0 = Debug|Any CPU
		{5A15FC33-4E68-4CD2-ABD9-3C13D6843761}.Debug|x64.ActiveCfg = Debug|Any CPU
		{5A15FC33-4E68-4CD2-ABD9-3C13D6843761}.Debug|x64.Build.0 = Debug|Any CPU
		{5A15FC33-4E68-4CD2-ABD9-3C13D6843761}.Debug|x86.ActiveCfg = Debug|Any CPU
		{5A15FC33-4E68-4CD2-ABD9-3C13D6843761}.Debug|x86.Build.0 = Debug|Any CPU
		{5A15FC33-4E68-4CD2-ABD9-3C13D6843761}.Release|Any CPU.ActiveCfg = Release|Any CPU
		{5A15FC33-4E68-4CD2-ABD9-3C13D6843761}.Release|Any CPU.Build.0 = Release|Any CPU
		{5A15FC33-4E68-4CD2-ABD9-3C13D6843761}.Release|x64.ActiveCfg = Release|Any CPU
		{5A15FC33-4E68-4CD2-ABD9-3C13D6843761}.Release|x64.Build.0 = Release|Any CPU
		{5A15FC33-4E68-4CD2-ABD9-3C13D6843761}.Release|x86.ActiveCfg = Release|Any CPU
		{5A15FC33-4E68-4CD2-ABD9-3C13D6843761}.Release|x86.Build.0 = Release|Any CPU
		{4FBC7BA7-0CAF-4A5E-B09B-9B3498CBF9E1}.Debug|Any CPU.ActiveCfg = Debug|Any CPU
		{4FBC7BA7-0CAF-4A5E-B09B-9B3498CBF9E1}.Debug|Any CPU.Build.0 = Debug|Any CPU
		{4FBC7BA7-0CAF-4A5E-B09B-9B3498CBF9E1}.Debug|x64.ActiveCfg = Debug|Any CPU
		{4FBC7BA7-0CAF-4A5E-B09B-9B3498CBF9E1}.Debug|x64.Build.0 = Debug|Any CPU
		{4FBC7BA7-0CAF-4A5E-B09B-9B3498CBF9E1}.Debug|x86.ActiveCfg = Debug|Any CPU
		{4FBC7BA7-0CAF-4A5E-B09B-9B3498CBF9E1}.Debug|x86.Build.0 = Debug|Any CPU
		{4FBC7BA7-0CAF-4A5E-B09B-9B3498CBF9E1}.Release|Any CPU.ActiveCfg = Release|Any CPU
		{4FBC7BA7-0CAF-4A5E-B09B-9B3498CBF9E1}.Release|Any CPU.Build.0 = Release|Any CPU
		{4FBC7BA7-0CAF-4A5E-B09B-9B3498CBF9E1}.Release|x64.ActiveCfg = Release|Any CPU
		{4FBC7BA7-0CAF-4A5E-B09B-9B3498CBF9E1}.Release|x64.Build.0 = Release|Any CPU
		{4FBC7BA7-0CAF-4A5E-B09B-9B3498CBF9E1}.Release|x86.ActiveCfg = Release|Any CPU
		{4FBC7BA7-0CAF-4A5E-B09B-9B3498CBF9E1}.Release|x86.Build.0 = Release|Any CPU
		{C2FFF1FC-0F85-4AC7-B55F-D0302034A911}.Debug|Any CPU.ActiveCfg = Debug|Any CPU
		{C2FFF1FC-0F85-4AC7-B55F-D0302034A911}.Debug|Any CPU.Build.0 = Debug|Any CPU
		{C2FFF1FC-0F85-4AC7-B55F-D0302034A911}.Debug|x64.ActiveCfg = Debug|Any CPU
		{C2FFF1FC-0F85-4AC7-B55F-D0302034A911}.Debug|x64.Build.0 = Debug|Any CPU
		{C2FFF1FC-0F85-4AC7-B55F-D0302034A911}.Debug|x86.ActiveCfg = Debug|Any CPU
		{C2FFF1FC-0F85-4AC7-B55F-D0302034A911}.Debug|x86.Build.0 = Debug|Any CPU
		{C2FFF1FC-0F85-4AC7-B55F-D0302034A911}.Release|Any CPU.ActiveCfg = Release|Any CPU
		{C2FFF1FC-0F85-4AC7-B55F-D0302034A911}.Release|Any CPU.Build.0 = Release|Any CPU
		{C2FFF1FC-0F85-4AC7-B55F-D0302034A911}.Release|x64.ActiveCfg = Release|Any CPU
		{C2FFF1FC-0F85-4AC7-B55F-D0302034A911}.Release|x64.Build.0 = Release|Any CPU
		{C2FFF1FC-0F85-4AC7-B55F-D0302034A911}.Release|x86.ActiveCfg = Release|Any CPU
		{C2FFF1FC-0F85-4AC7-B55F-D0302034A911}.Release|x86.Build.0 = Release|Any CPU
		{0BBB2CC5-0DC2-4429-8E50-02C38698DD64}.Debug|Any CPU.ActiveCfg = Debug|Any CPU
		{0BBB2CC5-0DC2-4429-8E50-02C38698DD64}.Debug|Any CPU.Build.0 = Debug|Any CPU
		{0BBB2CC5-0DC2-4429-8E50-02C38698DD64}.Debug|x64.ActiveCfg = Debug|Any CPU
		{0BBB2CC5-0DC2-4429-8E50-02C38698DD64}.Debug|x64.Build.0 = Debug|Any CPU
		{0BBB2CC5-0DC2-4429-8E50-02C38698DD64}.Debug|x86.ActiveCfg = Debug|Any CPU
		{0BBB2CC5-0DC2-4429-8E50-02C38698DD64}.Debug|x86.Build.0 = Debug|Any CPU
		{0BBB2CC5-0DC2-4429-8E50-02C38698DD64}.Release|Any CPU.ActiveCfg = Release|Any CPU
		{0BBB2CC5-0DC2-4429-8E50-02C38698DD64}.Release|Any CPU.Build.0 = Release|Any CPU
		{0BBB2CC5-0DC2-4429-8E50-02C38698DD64}.Release|x64.ActiveCfg = Release|Any CPU
		{0BBB2CC5-0DC2-4429-8E50-02C38698DD64}.Release|x64.Build.0 = Release|Any CPU
		{0BBB2CC5-0DC2-4429-8E50-02C38698DD64}.Release|x86.ActiveCfg = Release|Any CPU
		{0BBB2CC5-0DC2-4429-8E50-02C38698DD64}.Release|x86.Build.0 = Release|Any CPU
		{ADB53DDB-EAC5-4A86-851D-7C3287241B6C}.Debug|Any CPU.ActiveCfg = Debug|Any CPU
		{ADB53DDB-EAC5-4A86-851D-7C3287241B6C}.Debug|Any CPU.Build.0 = Debug|Any CPU
		{ADB53DDB-EAC5-4A86-851D-7C3287241B6C}.Debug|x64.ActiveCfg = Debug|Any CPU
		{ADB53DDB-EAC5-4A86-851D-7C3287241B6C}.Debug|x64.Build.0 = Debug|Any CPU
		{ADB53DDB-EAC5-4A86-851D-7C3287241B6C}.Debug|x86.ActiveCfg = Debug|Any CPU
		{ADB53DDB-EAC5-4A86-851D-7C3287241B6C}.Debug|x86.Build.0 = Debug|Any CPU
		{ADB53DDB-EAC5-4A86-851D-7C3287241B6C}.Release|Any CPU.ActiveCfg = Release|Any CPU
		{ADB53DDB-EAC5-4A86-851D-7C3287241B6C}.Release|Any CPU.Build.0 = Release|Any CPU
		{ADB53DDB-EAC5-4A86-851D-7C3287241B6C}.Release|x64.ActiveCfg = Release|Any CPU
		{ADB53DDB-EAC5-4A86-851D-7C3287241B6C}.Release|x64.Build.0 = Release|Any CPU
		{ADB53DDB-EAC5-4A86-851D-7C3287241B6C}.Release|x86.ActiveCfg = Release|Any CPU
		{ADB53DDB-EAC5-4A86-851D-7C3287241B6C}.Release|x86.Build.0 = Release|Any CPU
		{4F99D533-4B11-4A50-80B2-83989475D840}.Debug|Any CPU.ActiveCfg = Debug|Any CPU
		{4F99D533-4B11-4A50-80B2-83989475D840}.Debug|Any CPU.Build.0 = Debug|Any CPU
		{4F99D533-4B11-4A50-80B2-83989475D840}.Debug|x64.ActiveCfg = Debug|Any CPU
		{4F99D533-4B11-4A50-80B2-83989475D840}.Debug|x64.Build.0 = Debug|Any CPU
		{4F99D533-4B11-4A50-80B2-83989475D840}.Debug|x86.ActiveCfg = Debug|Any CPU
		{4F99D533-4B11-4A50-80B2-83989475D840}.Debug|x86.Build.0 = Debug|Any CPU
		{4F99D533-4B11-4A50-80B2-83989475D840}.Release|Any CPU.ActiveCfg = Release|Any CPU
		{4F99D533-4B11-4A50-80B2-83989475D840}.Release|Any CPU.Build.0 = Release|Any CPU
		{4F99D533-4B11-4A50-80B2-83989475D840}.Release|x64.ActiveCfg = Release|Any CPU
		{4F99D533-4B11-4A50-80B2-83989475D840}.Release|x64.Build.0 = Release|Any CPU
		{4F99D533-4B11-4A50-80B2-83989475D840}.Release|x86.ActiveCfg = Release|Any CPU
		{4F99D533-4B11-4A50-80B2-83989475D840}.Release|x86.Build.0 = Release|Any CPU
	EndGlobalSection
	GlobalSection(NestedProjects) = preSolution
		{A394559B-B3F8-478C-81EB-2B1DC4CF0F2F} = {1DE13FB1-575A-4C73-A724-FE2ABDF6B413}
		{7D15D0EB-8C54-4640-BF68-FA159A29465C} = {1DE13FB1-575A-4C73-A724-FE2ABDF6B413}
		{CA85A83B-9450-40E2-B3B6-B18507487A15} = {1DE13FB1-575A-4C73-A724-FE2ABDF6B413}
		{572471F9-09FF-48B6-A229-5F2749378CD1} = {1DE13FB1-575A-4C73-A724-FE2ABDF6B413}
		{F55427CF-9177-4958-9ED7-5AF7616B6183} = {1DE13FB1-575A-4C73-A724-FE2ABDF6B413}
		{CF504368-2C39-409F-84B6-6A1F1001D679} = {3DEC52D6-D20A-4EFF-A5F4-CF89CA9951DD}
		{F9281A72-D9B7-4A10-82A0-ED2482AB9AE6} = {3DEC52D6-D20A-4EFF-A5F4-CF89CA9951DD}
		{A84A7755-C37C-4ED8-A3EE-50505D5B81E2} = {3DEC52D6-D20A-4EFF-A5F4-CF89CA9951DD}
		{D1353BDB-7B49-4A73-927F-4BEE8943B1BF} = {A2DEC201-3CEE-459A-B0F9-AE91212E39C8}
		{D8CBF8FF-9D28-4225-B4CC-A15839C6F129} = {A2DEC201-3CEE-459A-B0F9-AE91212E39C8}
		{2E868CAE-BBE9-45FA-AFEF-90DD6C61F05A} = {A2DEC201-3CEE-459A-B0F9-AE91212E39C8}
		{72CC59C7-69A2-491F-BB79-3E245ACE6009} = {394BD973-C459-4174-9D7C-BA404A37F3A7}
		{5A15FC33-4E68-4CD2-ABD9-3C13D6843761} = {394BD973-C459-4174-9D7C-BA404A37F3A7}
		{4FBC7BA7-0CAF-4A5E-B09B-9B3498CBF9E1} = {394BD973-C459-4174-9D7C-BA404A37F3A7}
		{C2FFF1FC-0F85-4AC7-B55F-D0302034A911} = {1DE13FB1-575A-4C73-A724-FE2ABDF6B413}
		{0BBB2CC5-0DC2-4429-8E50-02C38698DD64} = {3DEC52D6-D20A-4EFF-A5F4-CF89CA9951DD}
		{ADB53DDB-EAC5-4A86-851D-7C3287241B6C} = {A2DEC201-3CEE-459A-B0F9-AE91212E39C8}
		{4F99D533-4B11-4A50-80B2-83989475D840} = {394BD973-C459-4174-9D7C-BA404A37F3A7}
	EndGlobalSection
EndGlobal
